
Microsoft Visual Studio Solution File, Format Version 12.00
# Visual Studio Version 16
VisualStudioVersion = 16.0.31112.23
MinimumVisualStudioVersion = 10.0.40219.1
Project("{FAE04EC0-301F-11D3-BF4B-00C04F79EFBC}") = "comtray", "comtray\comtray.csproj", "{4AFEF615-3614-4BD6-8078-9463FCA1158C}"
EndProject
Global
	GlobalSection(SolutionConfigurationPlatforms) = preSolution
		Debug|Any CPU = Debug|Any CPU
		Release|Any CPU = Release|Any CPU
	EndGlobalSection
	GlobalSection(ProjectConfigurationPlatforms) = postSolution
		{4AFEF615-3614-4BD6-8078-9463FCA1158C}.Debug|Any CPU.ActiveCfg = Debug|Any CPU
		{4AFEF615-3614-4BD6-8078-9463FCA1158C}.Debug|Any CPU.Build.0 = Debug|Any CPU
		{4AFEF615-3614-4BD6-8078-9463FCA1158C}.Release|Any CPU.ActiveCfg = Release|Any CPU
		{4AFEF615-3614-4BD6-8078-9463FCA1158C}.Release|Any CPU.Build.0 = Release|Any CPU
	EndGlobalSection
	GlobalSection(SolutionProperties) = preSolution
		HideSolutionNode = FALSE
	EndGlobalSection
	GlobalSection(ExtensibilityGlobals) = postSolution
		SolutionGuid = {1142D882-544F-4E3C-9905-82EB38E72FE4}
	EndGlobalSection
EndGlobal
